{
	"name": "plexus-cli",
	"version": "1.0.0",
	"lockfileVersion": 2,
	"requires": true,
	"packages": {
		"": {
			"name": "plexus-cli",
			"version": "1.0.0",
			"license": "MIT",
			"workspaces": [
				"packages/*"
			],
			"bin": {
				"create-plexus-core": "packages/create-plexus-core"
			},
			"devDependencies": {
				"turbo": "^1.2.8"
			}
		},
		"node_modules/@plexusjs/cli": {
			"resolved": "packages/plexus-cli",
			"link": true
		},
		"node_modules/ansi-regex": {
			"version": "5.0.1",
			"resolved": "https://registry.npmjs.org/ansi-regex/-/ansi-regex-5.0.1.tgz",
			"integrity": "sha512-quJQXlTSUGL2LH9SUXo8VwsY4soanhgo6LNSm84E1LBcE8s3O0wpdiRzyR9z/ZZJMlMWv37qOOb9pdJlMUEKFQ==",
			"license": "MIT",
			"engines": {
				"node": ">=8"
			}
		},
		"node_modules/ansi-styles": {
			"version": "4.3.0",
			"resolved": "https://registry.npmjs.org/ansi-styles/-/ansi-styles-4.3.0.tgz",
			"integrity": "sha512-zbB9rCJAT1rbjiVDb2hqKFHNYLxgtk8NURxZ3IZwD3F6NtxbXZQCnnSi1Lkx+IDohdPlFp222wVALIheZJQSEg==",
			"license": "MIT",
			"dependencies": {
				"color-convert": "^2.0.1"
			},
			"engines": {
				"node": ">=8"
			},
			"funding": {
				"url": "https://github.com/chalk/ansi-styles?sponsor=1"
			}
		},
		"node_modules/chalk": {
			"version": "5.0.1",
			"resolved": "https://registry.npmjs.org/chalk/-/chalk-5.0.1.tgz",
			"integrity": "sha512-Fo07WOYGqMfCWHOzSXOt2CxDbC6skS/jO9ynEcmpANMoPrD+W1r1K6Vx7iNm+AQmETU1Xr2t+n8nzkV9t6xh3w==",
			"license": "MIT",
			"engines": {
				"node": "^12.17.0 || ^14.13 || >=16.0.0"
			},
			"funding": {
				"url": "https://github.com/chalk/chalk?sponsor=1"
			}
		},
		"node_modules/cliui": {
			"version": "7.0.4",
			"resolved": "https://registry.npmjs.org/cliui/-/cliui-7.0.4.tgz",
			"integrity": "sha512-OcRE68cOsVMXp1Yvonl/fzkQOyjLSu/8bhPDfQt0e0/Eb283TKP20Fs2MqoPsr9SwA595rRCA+QMzYc9nBP+JQ==",
			"license": "ISC",
			"dependencies": {
				"string-width": "^4.2.0",
				"strip-ansi": "^6.0.0",
				"wrap-ansi": "^7.0.0"
			}
		},
		"node_modules/color-convert": {
			"version": "2.0.1",
			"resolved": "https://registry.npmjs.org/color-convert/-/color-convert-2.0.1.tgz",
			"integrity": "sha512-RRECPsj7iu/xb5oKYcsFHSppFNnsj/52OVTRKb4zP5onXwVF3zVmmToNcOfGC+CRDpfK/U584fMg38ZHCaElKQ==",
			"license": "MIT",
			"dependencies": {
				"color-name": "~1.1.4"
			},
			"engines": {
				"node": ">=7.0.0"
			}
		},
		"node_modules/color-name": {
			"version": "1.1.4",
			"resolved": "https://registry.npmjs.org/color-name/-/color-name-1.1.4.tgz",
			"integrity": "sha512-dOy+3AuW3a2wNbZHIuMZpTcgjGuLU/uBL/ubcZF9OXbDo8ff4O8yVp5Bf0efS8uEoYo5q4Fx7dY9OgQGXgAsQA==",
			"license": "MIT"
		},
		"node_modules/create-plexus-core": {
			"resolved": "packages/create-plexus-core",
			"link": true
		},
		"node_modules/emoji-regex": {
			"version": "8.0.0",
			"resolved": "https://registry.npmjs.org/emoji-regex/-/emoji-regex-8.0.0.tgz",
			"integrity": "sha512-MSjYzcWNOA0ewAHpz0MxpYFvwg6yjy1NG3xteoqz644VCo/RPgnr1/GGt+ic3iJTzQ8Eu3TdM14SawnVUmGE6A==",
			"license": "MIT"
		},
		"node_modules/escalade": {
			"version": "3.1.1",
			"resolved": "https://registry.npmjs.org/escalade/-/escalade-3.1.1.tgz",
			"integrity": "sha512-k0er2gUkLf8O0zKJiAhmkTnJlTvINGv7ygDNPbeIsX/TJjGJZHuh9B2UxbsaEkmlEo9MfhrSzmhIlhRlI2GXnw==",
			"license": "MIT",
			"engines": {
				"node": ">=6"
			}
		},
		"node_modules/get-caller-file": {
			"version": "2.0.5",
			"resolved": "https://registry.npmjs.org/get-caller-file/-/get-caller-file-2.0.5.tgz",
			"integrity": "sha512-DyFP3BM/3YHTQOCUL/w0OZHR0lpKeGrxotcHWcqNEdnltqFwXVfhEBQ94eIo34AfQpo0rGki4cyIiftY06h2Fg==",
			"license": "ISC",
			"engines": {
				"node": "6.* || 8.* || >= 10.*"
			}
		},
		"node_modules/is-fullwidth-code-point": {
			"version": "3.0.0",
			"resolved": "https://registry.npmjs.org/is-fullwidth-code-point/-/is-fullwidth-code-point-3.0.0.tgz",
			"integrity": "sha512-zymm5+u+sCsSWyD9qNaejV3DFvhCKclKdizYaJUuHA83RLjb7nSuGnddCHGv0hk+KY7BMAlsWeK4Ueg6EV6XQg==",
			"license": "MIT",
			"engines": {
				"node": ">=8"
			}
		},
		"node_modules/require-directory": {
			"version": "2.1.1",
			"resolved": "https://registry.npmjs.org/require-directory/-/require-directory-2.1.1.tgz",
			"integrity": "sha1-jGStX9MNqxyXbiNE/+f3kqam30I=",
			"license": "MIT",
			"engines": {
				"node": ">=0.10.0"
			}
		},
		"node_modules/rollup": {
			"version": "2.72.1",
			"resolved": "https://registry.npmjs.org/rollup/-/rollup-2.72.1.tgz",
			"integrity": "sha512-NTc5UGy/NWFGpSqF1lFY8z9Adri6uhyMLI6LvPAXdBKoPRFhIIiBUpt+Qg2awixqO3xvzSijjhnb4+QEZwJmxA==",
			"dev": true,
			"license": "MIT",
			"bin": {
				"rollup": "dist/bin/rollup"
			},
			"engines": {
				"node": ">=10.0.0"
			},
			"optionalDependencies": {
				"fsevents": "~2.3.2"
			}
		},
		"node_modules/string-width": {
			"version": "4.2.3",
			"resolved": "https://registry.npmjs.org/string-width/-/string-width-4.2.3.tgz",
			"integrity": "sha512-wKyQRQpjJ0sIp62ErSZdGsjMJWsap5oRNihHhu6G7JVO/9jIB6UyevL+tXuOqrng8j/cxKTWyWUwvSTriiZz/g==",
			"license": "MIT",
			"dependencies": {
				"emoji-regex": "^8.0.0",
				"is-fullwidth-code-point": "^3.0.0",
				"strip-ansi": "^6.0.1"
			},
			"engines": {
				"node": ">=8"
			}
		},
		"node_modules/strip-ansi": {
			"version": "6.0.1",
			"resolved": "https://registry.npmjs.org/strip-ansi/-/strip-ansi-6.0.1.tgz",
			"integrity": "sha512-Y38VPSHcqkFrCpFnQ9vuSXmquuv5oXOKpGeT6aGrr3o3Gc9AlVa6JBfUSOCnbxGGZF+/0ooI7KrPuUSztUdU5A==",
			"license": "MIT",
			"dependencies": {
				"ansi-regex": "^5.0.1"
			},
			"engines": {
				"node": ">=8"
			}
		},
		"node_modules/turbo": {
			"version": "1.2.8",
			"resolved": "https://registry.npmjs.org/turbo/-/turbo-1.2.8.tgz",
			"integrity": "sha512-Ms5ZvRlTjl3RF+ccWuGK2Gzgm4Zvr6mtaNwtBJR48u8gcDRjg1eSrpkwvCD+ENEVeQ39MxKjNS51ZYPIBnnhUw==",
			"dev": true,
			"hasInstallScript": true,
			"bin": {
				"turbo": "bin/turbo"
			},
			"optionalDependencies": {
				"turbo-darwin-64": "1.2.8",
				"turbo-darwin-arm64": "1.2.8",
				"turbo-freebsd-64": "1.2.8",
				"turbo-freebsd-arm64": "1.2.8",
				"turbo-linux-32": "1.2.8",
				"turbo-linux-64": "1.2.8",
				"turbo-linux-arm": "1.2.8",
				"turbo-linux-arm64": "1.2.8",
				"turbo-linux-mips64le": "1.2.8",
				"turbo-linux-ppc64le": "1.2.8",
				"turbo-windows-32": "1.2.8",
				"turbo-windows-64": "1.2.8",
				"turbo-windows-arm64": "1.2.8"
			}
		},
		"node_modules/turbo-darwin-64": {
			"version": "1.2.8",
			"resolved": "https://registry.npmjs.org/turbo-darwin-64/-/turbo-darwin-64-1.2.8.tgz",
			"integrity": "sha512-W46D05e1EUBE5TpRYjAHZXvR01EGhY8AcZUZa1mQCLmOb/W3knS1jHDAMEfXoPuDhdlolejEcbSHFCmqFRQ6OQ==",
			"cpu": [
				"x64"
			],
			"dev": true,
			"optional": true,
			"os": [
				"darwin"
			]
		},
		"node_modules/turbo-darwin-arm64": {
			"version": "1.2.8",
			"resolved": "https://registry.npmjs.org/turbo-darwin-arm64/-/turbo-darwin-arm64-1.2.8.tgz",
			"integrity": "sha512-hDcbQzUnKDa5j+MPnt8hbhcENeGD+dxee9O8LkRUGgHFQzqME0YVZsRDwwMCnpRSmr9ZlvZYQJPRELhBdary9Q==",
			"cpu": [
				"arm64"
			],
			"dev": true,
			"optional": true,
			"os": [
				"darwin"
			]
		},
		"node_modules/turbo-freebsd-64": {
			"version": "1.2.8",
			"resolved": "https://registry.npmjs.org/turbo-freebsd-64/-/turbo-freebsd-64-1.2.8.tgz",
			"integrity": "sha512-Bd91gNJ9QdsJOjGTpY0YYIa/BIS9BP21gKcpcjZHl4pRpPHraeT9M+RYtpv9bWH3BUWYf0HUzfagOHubrkKq+g==",
			"cpu": [
				"x64"
			],
			"dev": true,
			"optional": true,
			"os": [
				"freebsd"
			]
		},
		"node_modules/turbo-freebsd-arm64": {
			"version": "1.2.8",
			"resolved": "https://registry.npmjs.org/turbo-freebsd-arm64/-/turbo-freebsd-arm64-1.2.8.tgz",
			"integrity": "sha512-T+fVnbZNFfQ990F8xazsC16EkV98PkQy091NDKYqbYD6C+PtyV6VpAXX61XDzw01JVJ0GxH/8eiLNttP5lfmnA==",
			"cpu": [
				"arm64"
			],
			"dev": true,
			"optional": true,
			"os": [
				"freebsd"
			]
		},
		"node_modules/turbo-linux-32": {
			"version": "1.2.8",
			"resolved": "https://registry.npmjs.org/turbo-linux-32/-/turbo-linux-32-1.2.8.tgz",
			"integrity": "sha512-wdhssIJQJfYPz9x4XTWZQSRI0mbzsU0Qf3+4kM2XeGsP9k4mi+1g+4PbGutOLBzIWd9OY619dXz/ut43RWqepA==",
			"cpu": [
				"ia32"
			],
			"dev": true,
			"optional": true,
			"os": [
				"linux"
			]
		},
		"node_modules/turbo-linux-64": {
			"version": "1.2.8",
			"resolved": "https://registry.npmjs.org/turbo-linux-64/-/turbo-linux-64-1.2.8.tgz",
			"integrity": "sha512-9OZhxejgl8qQptTUdGnvNXJeFD+I6xF5jkW/tzu5sY9XcdtVvGJ5S4nXYbzG9kPgg4sC6I2gajMCb1l3f5jxSA==",
			"cpu": [
				"x64"
			],
			"dev": true,
			"optional": true,
			"os": [
				"linux"
			]
		},
		"node_modules/turbo-linux-arm": {
			"version": "1.2.8",
			"resolved": "https://registry.npmjs.org/turbo-linux-arm/-/turbo-linux-arm-1.2.8.tgz",
			"integrity": "sha512-RFLScvJPiuVoTDl83iCFNhXICi+F26A0dhBRaOdD9xP5CjcRTS7ITrPpfiELZ/oQzDdZpk3kD+6MxJPtWxoUkg==",
			"cpu": [
				"arm"
			],
			"dev": true,
			"optional": true,
			"os": [
				"linux"
			]
		},
		"node_modules/turbo-linux-arm64": {
			"version": "1.2.8",
			"resolved": "https://registry.npmjs.org/turbo-linux-arm64/-/turbo-linux-arm64-1.2.8.tgz",
			"integrity": "sha512-S7Xu5mhEiTOQNVSaERdCEwWn3IdY0hBIBSoU6TNPD8uIR1jw8r2oV/v/hyuNRRbUfq7as+5tmVXW+RXY/dSkEA==",
			"cpu": [
				"arm64"
			],
			"dev": true,
			"optional": true,
			"os": [
				"linux"
			]
		},
		"node_modules/turbo-linux-mips64le": {
			"version": "1.2.8",
			"resolved": "https://registry.npmjs.org/turbo-linux-mips64le/-/turbo-linux-mips64le-1.2.8.tgz",
			"integrity": "sha512-JXakBXqVhQrNwwe9t/qw1XowTxKuwv4zh3XVjIX4lKrIPjZZq4XRb3zjLRmtNK7MOV9VZ6Tg6JGc87CNYtp2eA==",
			"cpu": [
				"mips64el"
			],
			"dev": true,
			"optional": true,
			"os": [
				"linux"
			]
		},
		"node_modules/turbo-linux-ppc64le": {
			"version": "1.2.8",
			"resolved": "https://registry.npmjs.org/turbo-linux-ppc64le/-/turbo-linux-ppc64le-1.2.8.tgz",
			"integrity": "sha512-GBFcyV6y+KHmBCylJmk9/b8YO7O5jknWf3Radva3YYcfihzn7gm6pCWd17ML28ZLMEvJfWEtbHrU4gDFk+k7Mw==",
			"cpu": [
				"ppc64"
			],
			"dev": true,
			"optional": true,
			"os": [
				"linux"
			]
		},
		"node_modules/turbo-windows-32": {
			"version": "1.2.8",
			"resolved": "https://registry.npmjs.org/turbo-windows-32/-/turbo-windows-32-1.2.8.tgz",
			"integrity": "sha512-z6FSmbPDtDxz0vDbP5Odd1wJx7aACtxQ8XvIRB5sR+dvSCW40RZZLh9LTjWb49y3l7YsnqVdjEE0/bTu56M7hQ==",
			"cpu": [
				"ia32"
			],
			"dev": true,
			"optional": true,
			"os": [
				"win32"
			]
		},
		"node_modules/turbo-windows-64": {
			"version": "1.2.8",
			"resolved": "https://registry.npmjs.org/turbo-windows-64/-/turbo-windows-64-1.2.8.tgz",
			"integrity": "sha512-RiIy6ZfuEquje7k53DXNI9zR34AN5/8JJwZLnVhPzdqYdth9EXROS9pOKNNnYEvcWoG34xbgISezsxTXzcHVAA==",
			"cpu": [
				"x64"
			],
			"dev": true,
			"optional": true,
			"os": [
				"win32"
			]
		},
		"node_modules/turbo-windows-arm64": {
			"version": "1.2.8",
			"resolved": "https://registry.npmjs.org/turbo-windows-arm64/-/turbo-windows-arm64-1.2.8.tgz",
			"integrity": "sha512-usARU7a51r8bY+Z6d7bO3N+97x2C4d2PftbDQaTTBuHQCdbYoZSKhiTPTJfrij8FaxVWjtfoTBxlTCh3mzuNOQ==",
			"cpu": [
				"arm64"
			],
			"dev": true,
			"optional": true,
			"os": [
				"win32"
			]
		},
		"node_modules/wrap-ansi": {
			"version": "7.0.0",
			"resolved": "https://registry.npmjs.org/wrap-ansi/-/wrap-ansi-7.0.0.tgz",
			"integrity": "sha512-YVGIj2kamLSTxw6NsZjoBxfSwsn0ycdesmc4p+Q21c5zPuZ1pl+NfxVdxPtdHvmNVOQ6XSYG4AUtyt/Fi7D16Q==",
			"license": "MIT",
			"dependencies": {
				"ansi-styles": "^4.0.0",
				"string-width": "^4.1.0",
				"strip-ansi": "^6.0.0"
			},
			"engines": {
				"node": ">=10"
			},
			"funding": {
				"url": "https://github.com/chalk/wrap-ansi?sponsor=1"
			}
		},
		"node_modules/y18n": {
			"version": "5.0.8",
			"resolved": "https://registry.npmjs.org/y18n/-/y18n-5.0.8.tgz",
			"integrity": "sha512-0pfFzegeDWJHJIAmTLRP2DwHjdF5s7jo9tuztdQxAhINCdvS+3nGINqPd00AphqJR/0LhANUS6/+7SCb98YOfA==",
			"license": "ISC",
			"engines": {
				"node": ">=10"
			}
		},
		"node_modules/yargs": {
			"version": "17.4.1",
			"resolved": "https://registry.npmjs.org/yargs/-/yargs-17.4.1.tgz",
			"integrity": "sha512-WSZD9jgobAg3ZKuCQZSa3g9QOJeCCqLoLAykiWgmXnDo9EPnn4RPf5qVTtzgOx66o6/oqhcA5tHtJXpG8pMt3g==",
			"license": "MIT",
			"dependencies": {
				"cliui": "^7.0.2",
				"escalade": "^3.1.1",
				"get-caller-file": "^2.0.5",
				"require-directory": "^2.1.1",
				"string-width": "^4.2.3",
				"y18n": "^5.0.5",
				"yargs-parser": "^21.0.0"
			},
			"engines": {
				"node": ">=12"
			}
		},
		"node_modules/yargs-parser": {
			"version": "21.0.1",
			"resolved": "https://registry.npmjs.org/yargs-parser/-/yargs-parser-21.0.1.tgz",
			"integrity": "sha512-9BK1jFpLzJROCI5TzwZL/TU4gqjK5xiHV/RfWLOahrjAko/e4DJkRDZQXfvqAsiZzzYhgAzbgz6lg48jcm4GLg==",
			"license": "ISC",
			"engines": {
				"node": ">=12"
			}
		},
		"packages/create-plexus-core": {
			"version": "1.2.4",
			"license": "MIT",
			"dependencies": {
				"chalk": "^5.0.1",
				"yargs": "^17.4.1"
			},
			"bin": {
				"create-plexus-core": "out/bin.js"
			},
			"devDependencies": {
				"rollup": "^2.72.1"
			}
		},
		"packages/plexus-cli": {
			"name": "@plexusjs/cli",
			"version": "1.0.0",
			"license": "MIT",
			"dependencies": {
				"chalk": "^5.0.1",
				"yargs": "^17.4.1"
			}
		}
	},
	"dependencies": {
		"@plexusjs/cli": {
			"version": "file:packages/plexus-cli",
			"requires": {
				"chalk": "^5.0.1",
				"yargs": "^17.4.1"
			}
		},
		"ansi-regex": {
			"version": "5.0.1",
			"resolved": "https://registry.npmjs.org/ansi-regex/-/ansi-regex-5.0.1.tgz",
			"integrity": "sha512-quJQXlTSUGL2LH9SUXo8VwsY4soanhgo6LNSm84E1LBcE8s3O0wpdiRzyR9z/ZZJMlMWv37qOOb9pdJlMUEKFQ=="
		},
		"ansi-styles": {
			"version": "4.3.0",
			"resolved": "https://registry.npmjs.org/ansi-styles/-/ansi-styles-4.3.0.tgz",
			"integrity": "sha512-zbB9rCJAT1rbjiVDb2hqKFHNYLxgtk8NURxZ3IZwD3F6NtxbXZQCnnSi1Lkx+IDohdPlFp222wVALIheZJQSEg==",
			"requires": {
				"color-convert": "^2.0.1"
			}
		},
		"chalk": {
			"version": "5.0.1",
			"resolved": "https://registry.npmjs.org/chalk/-/chalk-5.0.1.tgz",
			"integrity": "sha512-Fo07WOYGqMfCWHOzSXOt2CxDbC6skS/jO9ynEcmpANMoPrD+W1r1K6Vx7iNm+AQmETU1Xr2t+n8nzkV9t6xh3w=="
		},
		"cliui": {
			"version": "7.0.4",
			"resolved": "https://registry.npmjs.org/cliui/-/cliui-7.0.4.tgz",
			"integrity": "sha512-OcRE68cOsVMXp1Yvonl/fzkQOyjLSu/8bhPDfQt0e0/Eb283TKP20Fs2MqoPsr9SwA595rRCA+QMzYc9nBP+JQ==",
			"requires": {
				"string-width": "^4.2.0",
				"strip-ansi": "^6.0.0",
				"wrap-ansi": "^7.0.0"
			}
		},
		"color-convert": {
			"version": "2.0.1",
			"resolved": "https://registry.npmjs.org/color-convert/-/color-convert-2.0.1.tgz",
			"integrity": "sha512-RRECPsj7iu/xb5oKYcsFHSppFNnsj/52OVTRKb4zP5onXwVF3zVmmToNcOfGC+CRDpfK/U584fMg38ZHCaElKQ==",
			"requires": {
				"color-name": "~1.1.4"
			}
		},
		"color-name": {
			"version": "1.1.4",
			"resolved": "https://registry.npmjs.org/color-name/-/color-name-1.1.4.tgz",
			"integrity": "sha512-dOy+3AuW3a2wNbZHIuMZpTcgjGuLU/uBL/ubcZF9OXbDo8ff4O8yVp5Bf0efS8uEoYo5q4Fx7dY9OgQGXgAsQA=="
		},
		"create-plexus-core": {
			"version": "file:packages/create-plexus-core",
			"requires": {
				"chalk": "^5.0.1",
				"rollup": "^2.72.1",
				"yargs": "^17.4.1"
			}
		},
		"emoji-regex": {
			"version": "8.0.0",
			"resolved": "https://registry.npmjs.org/emoji-regex/-/emoji-regex-8.0.0.tgz",
			"integrity": "sha512-MSjYzcWNOA0ewAHpz0MxpYFvwg6yjy1NG3xteoqz644VCo/RPgnr1/GGt+ic3iJTzQ8Eu3TdM14SawnVUmGE6A=="
		},
		"escalade": {
			"version": "3.1.1",
			"resolved": "https://registry.npmjs.org/escalade/-/escalade-3.1.1.tgz",
			"integrity": "sha512-k0er2gUkLf8O0zKJiAhmkTnJlTvINGv7ygDNPbeIsX/TJjGJZHuh9B2UxbsaEkmlEo9MfhrSzmhIlhRlI2GXnw=="
		},
		"get-caller-file": {
			"version": "2.0.5",
			"resolved": "https://registry.npmjs.org/get-caller-file/-/get-caller-file-2.0.5.tgz",
			"integrity": "sha512-DyFP3BM/3YHTQOCUL/w0OZHR0lpKeGrxotcHWcqNEdnltqFwXVfhEBQ94eIo34AfQpo0rGki4cyIiftY06h2Fg=="
		},
		"is-fullwidth-code-point": {
			"version": "3.0.0",
			"resolved": "https://registry.npmjs.org/is-fullwidth-code-point/-/is-fullwidth-code-point-3.0.0.tgz",
			"integrity": "sha512-zymm5+u+sCsSWyD9qNaejV3DFvhCKclKdizYaJUuHA83RLjb7nSuGnddCHGv0hk+KY7BMAlsWeK4Ueg6EV6XQg=="
		},
		"require-directory": {
			"version": "2.1.1",
			"resolved": "https://registry.npmjs.org/require-directory/-/require-directory-2.1.1.tgz",
			"integrity": "sha1-jGStX9MNqxyXbiNE/+f3kqam30I="
		},
		"rollup": {
			"version": "2.72.1",
			"resolved": "https://registry.npmjs.org/rollup/-/rollup-2.72.1.tgz",
			"integrity": "sha512-NTc5UGy/NWFGpSqF1lFY8z9Adri6uhyMLI6LvPAXdBKoPRFhIIiBUpt+Qg2awixqO3xvzSijjhnb4+QEZwJmxA==",
			"dev": true,
			"requires": {
				"fsevents": "~2.3.2"
			}
		},
		"string-width": {
			"version": "4.2.3",
			"resolved": "https://registry.npmjs.org/string-width/-/string-width-4.2.3.tgz",
			"integrity": "sha512-wKyQRQpjJ0sIp62ErSZdGsjMJWsap5oRNihHhu6G7JVO/9jIB6UyevL+tXuOqrng8j/cxKTWyWUwvSTriiZz/g==",
			"requires": {
				"emoji-regex": "^8.0.0",
				"is-fullwidth-code-point": "^3.0.0",
				"strip-ansi": "^6.0.1"
			}
		},
		"strip-ansi": {
			"version": "6.0.1",
			"resolved": "https://registry.npmjs.org/strip-ansi/-/strip-ansi-6.0.1.tgz",
			"integrity": "sha512-Y38VPSHcqkFrCpFnQ9vuSXmquuv5oXOKpGeT6aGrr3o3Gc9AlVa6JBfUSOCnbxGGZF+/0ooI7KrPuUSztUdU5A==",
			"requires": {
				"ansi-regex": "^5.0.1"
			}
		},
		"turbo": {
			"version": "1.2.8",
			"resolved": "https://registry.npmjs.org/turbo/-/turbo-1.2.8.tgz",
			"integrity": "sha512-Ms5ZvRlTjl3RF+ccWuGK2Gzgm4Zvr6mtaNwtBJR48u8gcDRjg1eSrpkwvCD+ENEVeQ39MxKjNS51ZYPIBnnhUw==",
			"dev": true,
			"requires": {
				"turbo-darwin-64": "1.2.8",
				"turbo-darwin-arm64": "1.2.8",
				"turbo-freebsd-64": "1.2.8",
				"turbo-freebsd-arm64": "1.2.8",
				"turbo-linux-32": "1.2.8",
				"turbo-linux-64": "1.2.8",
				"turbo-linux-arm": "1.2.8",
				"turbo-linux-arm64": "1.2.8",
				"turbo-linux-mips64le": "1.2.8",
				"turbo-linux-ppc64le": "1.2.8",
				"turbo-windows-32": "1.2.8",
				"turbo-windows-64": "1.2.8",
				"turbo-windows-arm64": "1.2.8"
			}
		},
		"turbo-darwin-64": {
			"version": "1.2.8",
			"resolved": "https://registry.npmjs.org/turbo-darwin-64/-/turbo-darwin-64-1.2.8.tgz",
			"integrity": "sha512-W46D05e1EUBE5TpRYjAHZXvR01EGhY8AcZUZa1mQCLmOb/W3knS1jHDAMEfXoPuDhdlolejEcbSHFCmqFRQ6OQ==",
			"dev": true,
			"optional": true
		},
		"turbo-darwin-arm64": {
			"version": "1.2.8",
			"resolved": "https://registry.npmjs.org/turbo-darwin-arm64/-/turbo-darwin-arm64-1.2.8.tgz",
			"integrity": "sha512-hDcbQzUnKDa5j+MPnt8hbhcENeGD+dxee9O8LkRUGgHFQzqME0YVZsRDwwMCnpRSmr9ZlvZYQJPRELhBdary9Q==",
			"dev": true,
			"optional": true
		},
		"turbo-freebsd-64": {
			"version": "1.2.8",
			"resolved": "https://registry.npmjs.org/turbo-freebsd-64/-/turbo-freebsd-64-1.2.8.tgz",
			"integrity": "sha512-Bd91gNJ9QdsJOjGTpY0YYIa/BIS9BP21gKcpcjZHl4pRpPHraeT9M+RYtpv9bWH3BUWYf0HUzfagOHubrkKq+g==",
			"dev": true,
			"optional": true
		},
		"turbo-freebsd-arm64": {
			"version": "1.2.8",
			"resolved": "https://registry.npmjs.org/turbo-freebsd-arm64/-/turbo-freebsd-arm64-1.2.8.tgz",
			"integrity": "sha512-T+fVnbZNFfQ990F8xazsC16EkV98PkQy091NDKYqbYD6C+PtyV6VpAXX61XDzw01JVJ0GxH/8eiLNttP5lfmnA==",
			"dev": true,
			"optional": true
		},
		"turbo-linux-32": {
			"version": "1.2.8",
			"resolved": "https://registry.npmjs.org/turbo-linux-32/-/turbo-linux-32-1.2.8.tgz",
			"integrity": "sha512-wdhssIJQJfYPz9x4XTWZQSRI0mbzsU0Qf3+4kM2XeGsP9k4mi+1g+4PbGutOLBzIWd9OY619dXz/ut43RWqepA==",
			"dev": true,
			"optional": true
		},
		"turbo-linux-64": {
			"version": "1.2.8",
			"resolved": "https://registry.npmjs.org/turbo-linux-64/-/turbo-linux-64-1.2.8.tgz",
			"integrity": "sha512-9OZhxejgl8qQptTUdGnvNXJeFD+I6xF5jkW/tzu5sY9XcdtVvGJ5S4nXYbzG9kPgg4sC6I2gajMCb1l3f5jxSA==",
			"dev": true,
			"optional": true
		},
		"turbo-linux-arm": {
			"version": "1.2.8",
			"resolved": "https://registry.npmjs.org/turbo-linux-arm/-/turbo-linux-arm-1.2.8.tgz",
			"integrity": "sha512-RFLScvJPiuVoTDl83iCFNhXICi+F26A0dhBRaOdD9xP5CjcRTS7ITrPpfiELZ/oQzDdZpk3kD+6MxJPtWxoUkg==",
			"dev": true,
			"optional": true
		},
		"turbo-linux-arm64": {
			"version": "1.2.8",
			"resolved": "https://registry.npmjs.org/turbo-linux-arm64/-/turbo-linux-arm64-1.2.8.tgz",
			"integrity": "sha512-S7Xu5mhEiTOQNVSaERdCEwWn3IdY0hBIBSoU6TNPD8uIR1jw8r2oV/v/hyuNRRbUfq7as+5tmVXW+RXY/dSkEA==",
			"dev": true,
			"optional": true
		},
		"turbo-linux-mips64le": {
			"version": "1.2.8",
			"resolved": "https://registry.npmjs.org/turbo-linux-mips64le/-/turbo-linux-mips64le-1.2.8.tgz",
			"integrity": "sha512-JXakBXqVhQrNwwe9t/qw1XowTxKuwv4zh3XVjIX4lKrIPjZZq4XRb3zjLRmtNK7MOV9VZ6Tg6JGc87CNYtp2eA==",
			"dev": true,
			"optional": true
		},
		"turbo-linux-ppc64le": {
			"version": "1.2.8",
			"resolved": "https://registry.npmjs.org/turbo-linux-ppc64le/-/turbo-linux-ppc64le-1.2.8.tgz",
			"integrity": "sha512-GBFcyV6y+KHmBCylJmk9/b8YO7O5jknWf3Radva3YYcfihzn7gm6pCWd17ML28ZLMEvJfWEtbHrU4gDFk+k7Mw==",
			"dev": true,
			"optional": true
		},
		"turbo-windows-32": {
			"version": "1.2.8",
			"resolved": "https://registry.npmjs.org/turbo-windows-32/-/turbo-windows-32-1.2.8.tgz",
			"integrity": "sha512-z6FSmbPDtDxz0vDbP5Odd1wJx7aACtxQ8XvIRB5sR+dvSCW40RZZLh9LTjWb49y3l7YsnqVdjEE0/bTu56M7hQ==",
			"dev": true,
			"optional": true
		},
		"turbo-windows-64": {
			"version": "1.2.8",
			"resolved": "https://registry.npmjs.org/turbo-windows-64/-/turbo-windows-64-1.2.8.tgz",
			"integrity": "sha512-RiIy6ZfuEquje7k53DXNI9zR34AN5/8JJwZLnVhPzdqYdth9EXROS9pOKNNnYEvcWoG34xbgISezsxTXzcHVAA==",
			"dev": true,
			"optional": true
		},
		"turbo-windows-arm64": {
			"version": "1.2.8",
			"resolved": "https://registry.npmjs.org/turbo-windows-arm64/-/turbo-windows-arm64-1.2.8.tgz",
			"integrity": "sha512-usARU7a51r8bY+Z6d7bO3N+97x2C4d2PftbDQaTTBuHQCdbYoZSKhiTPTJfrij8FaxVWjtfoTBxlTCh3mzuNOQ==",
			"dev": true,
			"optional": true
		},
		"wrap-ansi": {
			"version": "7.0.0",
			"resolved": "https://registry.npmjs.org/wrap-ansi/-/wrap-ansi-7.0.0.tgz",
			"integrity": "sha512-YVGIj2kamLSTxw6NsZjoBxfSwsn0ycdesmc4p+Q21c5zPuZ1pl+NfxVdxPtdHvmNVOQ6XSYG4AUtyt/Fi7D16Q==",
			"requires": {
				"ansi-styles": "^4.0.0",
				"string-width": "^4.1.0",
				"strip-ansi": "^6.0.0"
			}
		},
		"y18n": {
			"version": "5.0.8",
			"resolved": "https://registry.npmjs.org/y18n/-/y18n-5.0.8.tgz",
			"integrity": "sha512-0pfFzegeDWJHJIAmTLRP2DwHjdF5s7jo9tuztdQxAhINCdvS+3nGINqPd00AphqJR/0LhANUS6/+7SCb98YOfA=="
		},
		"yargs": {
			"version": "17.4.1",
			"resolved": "https://registry.npmjs.org/yargs/-/yargs-17.4.1.tgz",
			"integrity": "sha512-WSZD9jgobAg3ZKuCQZSa3g9QOJeCCqLoLAykiWgmXnDo9EPnn4RPf5qVTtzgOx66o6/oqhcA5tHtJXpG8pMt3g==",
			"requires": {
				"cliui": "^7.0.2",
				"escalade": "^3.1.1",
				"get-caller-file": "^2.0.5",
				"require-directory": "^2.1.1",
				"string-width": "^4.2.3",
				"y18n": "^5.0.5",
				"yargs-parser": "^21.0.0"
			}
		},
		"yargs-parser": {
			"version": "21.0.1",
			"resolved": "https://registry.npmjs.org/yargs-parser/-/yargs-parser-21.0.1.tgz",
			"integrity": "sha512-9BK1jFpLzJROCI5TzwZL/TU4gqjK5xiHV/RfWLOahrjAko/e4DJkRDZQXfvqAsiZzzYhgAzbgz6lg48jcm4GLg=="
		}
	}
}
